
Microsoft Visual Studio Solution File, Format Version 12.00
# Visual Studio Version 16
VisualStudioVersion = 16.0.29306.81
MinimumVisualStudioVersion = 10.0.40219.1
Project("{FAE04EC0-301F-11D3-BF4B-00C04F79EFBC}") = "WebApplication3", "WebApplication3.csproj", "{FFE49D02-3488-4FA1-924A-AD7DB978B657}"
EndProject
Project("{FAE04EC0-301F-11D3-BF4B-00C04F79EFBC}") = "WebApplication3.Tests", "..\WebApplication3.Tests\WebApplication3.Tests.csproj", "{7E156D1E-91FA-4B25-BF0F-43280FD1B951}"
EndProject
Global
	GlobalSection(SolutionConfigurationPlatforms) = preSolution
		Debug|Any CPU = Debug|Any CPU
		Release|Any CPU = Release|Any CPU
	EndGlobalSection
	GlobalSection(ProjectConfigurationPlatforms) = postSolution
		{FFE49D02-3488-4FA1-924A-AD7DB978B657}.Debug|Any CPU.ActiveCfg = Debug|Any CPU
		{FFE49D02-3488-4FA1-924A-AD7DB978B657}.Debug|Any CPU.Build.0 = Debug|Any CPU
		{FFE49D02-3488-4FA1-924A-AD7DB978B657}.Release|Any CPU.ActiveCfg = Release|Any CPU
		{FFE49D02-3488-4FA1-924A-AD7DB978B657}.Release|Any CPU.Build.0 = Release|Any CPU
		{7E156D1E-91FA-4B25-BF0F-43280FD1B951}.Debug|Any CPU.ActiveCfg = Debug|Any CPU
		{7E156D1E-91FA-4B25-BF0F-43280FD1B951}.Debug|Any CPU.Build.0 = Debug|Any CPU
		{7E156D1E-91FA-4B25-BF0F-43280FD1B951}.Release|Any CPU.ActiveCfg = Release|Any CPU
		{7E156D1E-91FA-4B25-BF0F-43280FD1B951}.Release|Any CPU.Build.0 = Release|Any CPU
	EndGlobalSection
	GlobalSection(SolutionProperties) = preSolution
		HideSolutionNode = FALSE
	EndGlobalSection
	GlobalSection(ExtensibilityGlobals) = postSolution
		SolutionGuid = {0A6DC50C-E64A-425F-8D80-3E08D858D726}
	EndGlobalSection
EndGlobal
